
Microsoft Visual Studio Solution File, Format Version 12.00
# Visual Studio Version 17
VisualStudioVersion = 17.6.33723.286
MinimumVisualStudioVersion = 10.0.40219.1
Project("{9A19103F-16F7-4668-BE54-9A1E7A4F7556}") = "NetCoreWebApplication", "NetCoreWebApplication\NetCoreWebApplication.csproj", "{C050A2C8-B654-46E1-9B19-A17B2C6B4FD1}"
EndProject
Project("{9A19103F-16F7-4668-BE54-9A1E7A4F7556}") = "Entities", "Entities\Entities.csproj", "{AC1CE3E6-FC5A-4F77-9B8F-4ED7457C8C7F}"
EndProject
Project("{FAE04EC0-301F-11D3-BF4B-00C04F79EFBC}") = "BusinessLayer", "BusinessLayer\BusinessLayer.csproj", "{9D19E42D-E03A-4E24-8AA9-F3D69BA42175}"
EndProject
Project("{FAE04EC0-301F-11D3-BF4B-00C04F79EFBC}") = "DataAccessLayer", "DataAccessLayer\DataAccessLayer.csproj", "{90074F40-6641-48B2-BE4A-62832D34E569}"
EndProject
Global
	GlobalSection(SolutionConfigurationPlatforms) = preSolution
		Debug|Any CPU = Debug|Any CPU
		Release|Any CPU = Release|Any CPU
	EndGlobalSection
	GlobalSection(ProjectConfigurationPlatforms) = postSolution
		{C050A2C8-B654-46E1-9B19-A17B2C6B4FD1}.Debug|Any CPU.ActiveCfg = Debug|Any CPU
		{C050A2C8-B654-46E1-9B19-A17B2C6B4FD1}.Debug|Any CPU.Build.0 = Debug|Any CPU
		{C050A2C8-B654-46E1-9B19-A17B2C6B4FD1}.Release|Any CPU.ActiveCfg = Release|Any CPU
		{C050A2C8-B654-46E1-9B19-A17B2C6B4FD1}.Release|Any CPU.Build.0 = Release|Any CPU
		{AC1CE3E6-FC5A-4F77-9B8F-4ED7457C8C7F}.Debug|Any CPU.ActiveCfg = Debug|Any CPU
		{AC1CE3E6-FC5A-4F77-9B8F-4ED7457C8C7F}.Debug|Any CPU.Build.0 = Debug|Any CPU
		{AC1CE3E6-FC5A-4F77-9B8F-4ED7457C8C7F}.Release|Any CPU.ActiveCfg = Release|Any CPU
		{AC1CE3E6-FC5A-4F77-9B8F-4ED7457C8C7F}.Release|Any CPU.Build.0 = Release|Any CPU
		{9D19E42D-E03A-4E24-8AA9-F3D69BA42175}.Debug|Any CPU.ActiveCfg = Debug|Any CPU
		{9D19E42D-E03A-4E24-8AA9-F3D69BA42175}.Debug|Any CPU.Build.0 = Debug|Any CPU
		{9D19E42D-E03A-4E24-8AA9-F3D69BA42175}.Release|Any CPU.ActiveCfg = Release|Any CPU
		{9D19E42D-E03A-4E24-8AA9-F3D69BA42175}.Release|Any CPU.Build.0 = Release|Any CPU
		{90074F40-6641-48B2-BE4A-62832D34E569}.Debug|Any CPU.ActiveCfg = Debug|Any CPU
		{90074F40-6641-48B2-BE4A-62832D34E569}.Debug|Any CPU.Build.0 = Debug|Any CPU
		{90074F40-6641-48B2-BE4A-62832D34E569}.Release|Any CPU.ActiveCfg = Release|Any CPU
		{90074F40-6641-48B2-BE4A-62832D34E569}.Release|Any CPU.Build.0 = Release|Any CPU
	EndGlobalSection
	GlobalSection(SolutionProperties) = preSolution
		HideSolutionNode = FALSE
	EndGlobalSection
	GlobalSection(ExtensibilityGlobals) = postSolution
		SolutionGuid = {F9225426-1536-4A59-97E0-B62F06D6784F}
	EndGlobalSection
EndGlobal
